// !$*UTF8*$!
{
	archiveVersion = 1;
	classes = {
	};
	objectVersion = 48;
	objects = {

/* Begin PBXBuildFile section */
		5F2A1B662021285A00E7DFB9 /* AppDelegate.swift in Sources */ = {isa = PBXBuildFile; fileRef = 5F2A1B652021285A00E7DFB9 /* AppDelegate.swift */; };
		5F2A1B6D2021285A00E7DFB9 /* Main.storyboard in Resources */ = {isa = PBXBuildFile; fileRef = 5F2A1B6B2021285A00E7DFB9 /* Main.storyboard */; };
		5F2A1B6F2021285A00E7DFB9 /* Assets.xcassets in Resources */ = {isa = PBXBuildFile; fileRef = 5F2A1B6E2021285A00E7DFB9 /* Assets.xcassets */; };
		5F2A1B722021285A00E7DFB9 /* LaunchScreen.storyboard in Resources */ = {isa = PBXBuildFile; fileRef = 5F2A1B702021285A00E7DFB9 /* LaunchScreen.storyboard */; };
		5F2A1BA020220F9600E7DFB9 /* OpenCVWrapper.mm in Sources */ = {isa = PBXBuildFile; fileRef = 5F2A1B9F20220F9600E7DFB9 /* OpenCVWrapper.mm */; };
		5F2A1BA720223DBD00E7DFB9 /* opencv2.framework in Frameworks */ = {isa = PBXBuildFile; fileRef = 5F2A1BA620223DBD00E7DFB9 /* opencv2.framework */; };
		5F2A1BA920224BCD00E7DFB9 /* ARViewController.swift in Sources */ = {isa = PBXBuildFile; fileRef = 5F2A1BA820224BCD00E7DFB9 /* ARViewController.swift */; };
		5F42BCA3204097E700E01338 /* MarkerOrigin.swift in Sources */ = {isa = PBXBuildFile; fileRef = 5F42BCA2204097E700E01338 /* MarkerOrigin.swift */; };
		5F42BCA52040B15400E01338 /* RedBox.swift in Sources */ = {isa = PBXBuildFile; fileRef = 5F42BCA42040B15400E01338 /* RedBox.swift */; };
		5F7CC94E203F478F00050C72 /* CodableSceneObject.swift in Sources */ = {isa = PBXBuildFile; fileRef = 5F7CC94D203F478F00050C72 /* CodableSceneObject.swift */; };
		5F7CC950203F4C1800050C72 /* ObjectStoreService.swift in Sources */ = {isa = PBXBuildFile; fileRef = 5F7CC94F203F4C1800050C72 /* ObjectStoreService.swift */; };
/* End PBXBuildFile section */

/* Begin PBXCopyFilesBuildPhase section */
		5F2A1BA520223AAB00E7DFB9 /* Embed Frameworks */ = {
			isa = PBXCopyFilesBuildPhase;
			buildActionMask = 2147483647;
			dstPath = "";
			dstSubfolderSpec = 10;
			files = (
			);
			name = "Embed Frameworks";
			runOnlyForDeploymentPostprocessing = 0;
		};
/* End PBXCopyFilesBuildPhase section */

/* Begin PBXFileReference section */
		5F2A1B622021285A00E7DFB9 /* ARUcoTest.app */ = {isa = PBXFileReference; explicitFileType = wrapper.application; includeInIndex = 0; path = ARUcoTest.app; sourceTree = BUILT_PRODUCTS_DIR; };
		5F2A1B652021285A00E7DFB9 /* AppDelegate.swift */ = {isa = PBXFileReference; lastKnownFileType = sourcecode.swift; path = AppDelegate.swift; sourceTree = "<group>"; };
		5F2A1B6C2021285A00E7DFB9 /* Base */ = {isa = PBXFileReference; lastKnownFileType = file.storyboard; name = Base; path = Base.lproj/Main.storyboard; sourceTree = "<group>"; };
		5F2A1B6E2021285A00E7DFB9 /* Assets.xcassets */ = {isa = PBXFileReference; lastKnownFileType = folder.assetcatalog; path = Assets.xcassets; sourceTree = "<group>"; };
		5F2A1B712021285A00E7DFB9 /* Base */ = {isa = PBXFileReference; lastKnownFileType = file.storyboard; name = Base; path = Base.lproj/LaunchScreen.storyboard; sourceTree = "<group>"; };
		5F2A1B732021285A00E7DFB9 /* Info.plist */ = {isa = PBXFileReference; lastKnownFileType = text.plist.xml; path = Info.plist; sourceTree = "<group>"; };
		5F2A1B9E20220F9600E7DFB9 /* OpenCVWrapper.h */ = {isa = PBXFileReference; fileEncoding = 4; lastKnownFileType = sourcecode.c.h; path = OpenCVWrapper.h; sourceTree = "<group>"; };
		5F2A1B9F20220F9600E7DFB9 /* OpenCVWrapper.mm */ = {isa = PBXFileReference; fileEncoding = 4; lastKnownFileType = sourcecode.cpp.objcpp; path = OpenCVWrapper.mm; sourceTree = "<group>"; };
		5F2A1BA620223DBD00E7DFB9 /* opencv2.framework */ = {isa = PBXFileReference; lastKnownFileType = wrapper.framework; path = opencv2.framework; sourceTree = "<group>"; };
		5F2A1BA820224BCD00E7DFB9 /* ARViewController.swift */ = {isa = PBXFileReference; fileEncoding = 4; lastKnownFileType = sourcecode.swift; path = ARViewController.swift; sourceTree = "<group>"; };
		5F2A1BB620224DB900E7DFB9 /* PrefixHeader.pch */ = {isa = PBXFileReference; fileEncoding = 4; lastKnownFileType = sourcecode.c.h; path = PrefixHeader.pch; sourceTree = "<group>"; };
		5F2A1BBB20224EDA00E7DFB9 /* ARUcoTest-Bridging-Header.h */ = {isa = PBXFileReference; lastKnownFileType = sourcecode.c.h; path = "ARUcoTest-Bridging-Header.h"; sourceTree = "<group>"; };
		5F42BCA2204097E700E01338 /* MarkerOrigin.swift */ = {isa = PBXFileReference; lastKnownFileType = sourcecode.swift; path = MarkerOrigin.swift; sourceTree = "<group>"; };
		5F42BCA42040B15400E01338 /* RedBox.swift */ = {isa = PBXFileReference; lastKnownFileType = sourcecode.swift; path = RedBox.swift; sourceTree = "<group>"; };
		5F7CC94D203F478F00050C72 /* CodableSceneObject.swift */ = {isa = PBXFileReference; lastKnownFileType = sourcecode.swift; path = CodableSceneObject.swift; sourceTree = "<group>"; };
		5F7CC94F203F4C1800050C72 /* ObjectStoreService.swift */ = {isa = PBXFileReference; lastKnownFileType = sourcecode.swift; path = ObjectStoreService.swift; sourceTree = "<group>"; };
/* End PBXFileReference section */

/* Begin PBXFrameworksBuildPhase section */
		5F2A1B5F2021285A00E7DFB9 /* Frameworks */ = {
			isa = PBXFrameworksBuildPhase;
			buildActionMask = 2147483647;
			files = (
				5F2A1BA720223DBD00E7DFB9 /* opencv2.framework in Frameworks */,
			);
			runOnlyForDeploymentPostprocessing = 0;
		};
/* End PBXFrameworksBuildPhase section */

/* Begin PBXGroup section */
		5F2A1B592021285A00E7DFB9 = {
			isa = PBXGroup;
			children = (
				5F2A1BBB20224EDA00E7DFB9 /* ARUcoTest-Bridging-Header.h */,
				5F2A1BA620223DBD00E7DFB9 /* opencv2.framework */,
				5F2A1B642021285A00E7DFB9 /* ARUcoTest */,
				5F2A1B632021285A00E7DFB9 /* Products */,
			);
			sourceTree = "<group>";
		};
		5F2A1B632021285A00E7DFB9 /* Products */ = {
			isa = PBXGroup;
			children = (
				5F2A1B622021285A00E7DFB9 /* ARUcoTest.app */,
			);
			name = Products;
			sourceTree = "<group>";
		};
		5F2A1B642021285A00E7DFB9 /* ARUcoTest */ = {
			isa = PBXGroup;
			children = (
				5F42BCA2204097E700E01338 /* MarkerOrigin.swift */,
				5F42BCA42040B15400E01338 /* RedBox.swift */,
				5F2A1BA820224BCD00E7DFB9 /* ARViewController.swift */,
				5F7CC94D203F478F00050C72 /* CodableSceneObject.swift */,
				5F7CC94F203F4C1800050C72 /* ObjectStoreService.swift */,
				5F2A1B9D20220F9600E7DFB9 /* openCV */,
				5F2A1B652021285A00E7DFB9 /* AppDelegate.swift */,
				5F2A1B6B2021285A00E7DFB9 /* Main.storyboard */,
				5F2A1B6E2021285A00E7DFB9 /* Assets.xcassets */,
				5F2A1B702021285A00E7DFB9 /* LaunchScreen.storyboard */,
				5F2A1B732021285A00E7DFB9 /* Info.plist */,
				5F2A1BB620224DB900E7DFB9 /* PrefixHeader.pch */,
			);
			path = ARUcoTest;
			sourceTree = "<group>";
		};
		5F2A1B9D20220F9600E7DFB9 /* openCV */ = {
			isa = PBXGroup;
			children = (
				5F2A1B9E20220F9600E7DFB9 /* OpenCVWrapper.h */,
				5F2A1B9F20220F9600E7DFB9 /* OpenCVWrapper.mm */,
			);
			path = openCV;
			sourceTree = "<group>";
		};
/* End PBXGroup section */

/* Begin PBXNativeTarget section */
		5F2A1B612021285A00E7DFB9 /* ARUcoTest */ = {
			isa = PBXNativeTarget;
			buildConfigurationList = 5F2A1B762021285A00E7DFB9 /* Build configuration list for PBXNativeTarget "ARUcoTest" */;
			buildPhases = (
				5F2A1B5E2021285A00E7DFB9 /* Sources */,
				5F2A1B5F2021285A00E7DFB9 /* Frameworks */,
				5F2A1B602021285A00E7DFB9 /* Resources */,
				5F2A1BA520223AAB00E7DFB9 /* Embed Frameworks */,
			);
			buildRules = (
			);
			dependencies = (
			);
			name = ARUcoTest;
			productName = ARUcoTest;
			productReference = 5F2A1B622021285A00E7DFB9 /* ARUcoTest.app */;
			productType = "com.apple.product-type.application";
		};
/* End PBXNativeTarget section */

/* Begin PBXProject section */
		5F2A1B5A2021285A00E7DFB9 /* Project object */ = {
			isa = PBXProject;
			attributes = {
				LastSwiftUpdateCheck = 0920;
				LastUpgradeCheck = 0920;
				ORGANIZATIONNAME = HHCC;
				TargetAttributes = {
					5F2A1B612021285A00E7DFB9 = {
						CreatedOnToolsVersion = 9.2;
						ProvisioningStyle = Automatic;
					};
				};
			};
			buildConfigurationList = 5F2A1B5D2021285A00E7DFB9 /* Build configuration list for PBXProject "ARUcoTest" */;
			compatibilityVersion = "Xcode 8.0";
			developmentRegion = en;
			hasScannedForEncodings = 0;
			knownRegions = (
				en,
				Base,
			);
			mainGroup = 5F2A1B592021285A00E7DFB9;
			productRefGroup = 5F2A1B632021285A00E7DFB9 /* Products */;
			projectDirPath = "";
			projectRoot = "";
			targets = (
				5F2A1B612021285A00E7DFB9 /* ARUcoTest */,
			);
		};
/* End PBXProject section */

/* Begin PBXResourcesBuildPhase section */
		5F2A1B602021285A00E7DFB9 /* Resources */ = {
			isa = PBXResourcesBuildPhase;
			buildActionMask = 2147483647;
			files = (
				5F2A1B722021285A00E7DFB9 /* LaunchScreen.storyboard in Resources */,
				5F2A1B6F2021285A00E7DFB9 /* Assets.xcassets in Resources */,
				5F2A1B6D2021285A00E7DFB9 /* Main.storyboard in Resources */,
			);
			runOnlyForDeploymentPostprocessing = 0;
		};
/* End PBXResourcesBuildPhase section */

/* Begin PBXSourcesBuildPhase section */
		5F2A1B5E2021285A00E7DFB9 /* Sources */ = {
			isa = PBXSourcesBuildPhase;
			buildActionMask = 2147483647;
			files = (
				5F2A1B662021285A00E7DFB9 /* AppDelegate.swift in Sources */,
				5F7CC94E203F478F00050C72 /* CodableSceneObject.swift in Sources */,
				5F2A1BA020220F9600E7DFB9 /* OpenCVWrapper.mm in Sources */,
				5F7CC950203F4C1800050C72 /* ObjectStoreService.swift in Sources */,
				5F42BCA52040B15400E01338 /* RedBox.swift in Sources */,
				5F2A1BA920224BCD00E7DFB9 /* ARViewController.swift in Sources */,
				5F42BCA3204097E700E01338 /* MarkerOrigin.swift in Sources */,
			);
			runOnlyForDeploymentPostprocessing = 0;
		};
/* End PBXSourcesBuildPhase section */

/* Begin PBXVariantGroup section */
		5F2A1B6B2021285A00E7DFB9 /* Main.storyboard */ = {
			isa = PBXVariantGroup;
			children = (
				5F2A1B6C2021285A00E7DFB9 /* Base */,
			);
			name = Main.storyboard;
			sourceTree = "<group>";
		};
		5F2A1B702021285A00E7DFB9 /* LaunchScreen.storyboard */ = {
			isa = PBXVariantGroup;
			children = (
				5F2A1B712021285A00E7DFB9 /* Base */,
			);
			name = LaunchScreen.storyboard;
			sourceTree = "<group>";
		};
/* End PBXVariantGroup section */

/* Begin XCBuildConfiguration section */
		5F2A1B742021285A00E7DFB9 /* Debug */ = {
			isa = XCBuildConfiguration;
			buildSettings = {
				ALWAYS_SEARCH_USER_PATHS = NO;
				CLANG_ANALYZER_NONNULL = YES;
				CLANG_ANALYZER_NUMBER_OBJECT_CONVERSION = YES_AGGRESSIVE;
				CLANG_CXX_LANGUAGE_STANDARD = "gnu++14";
				CLANG_CXX_LIBRARY = "libc++";
				CLANG_ENABLE_MODULES = YES;
				CLANG_ENABLE_OBJC_ARC = YES;
				CLANG_WARN_BLOCK_CAPTURE_AUTORELEASING = YES;
				CLANG_WARN_BOOL_CONVERSION = YES;
				CLANG_WARN_COMMA = YES;
				CLANG_WARN_CONSTANT_CONVERSION = YES;
				CLANG_WARN_DIRECT_OBJC_ISA_USAGE = YES_ERROR;
				CLANG_WARN_DOCUMENTATION_COMMENTS = YES;
				CLANG_WARN_EMPTY_BODY = YES;
				CLANG_WARN_ENUM_CONVERSION = YES;
				CLANG_WARN_INFINITE_RECURSION = YES;
				CLANG_WARN_INT_CONVERSION = YES;
				CLANG_WARN_NON_LITERAL_NULL_CONVERSION = YES;
				CLANG_WARN_OBJC_LITERAL_CONVERSION = YES;
				CLANG_WARN_OBJC_ROOT_CLASS = YES_ERROR;
				CLANG_WARN_RANGE_LOOP_ANALYSIS = YES;
				CLANG_WARN_STRICT_PROTOTYPES = YES;
				CLANG_WARN_SUSPICIOUS_MOVE = YES;
				CLANG_WARN_UNGUARDED_AVAILABILITY = YES_AGGRESSIVE;
				CLANG_WARN_UNREACHABLE_CODE = YES;
				CLANG_WARN__DUPLICATE_METHOD_MATCH = YES;
				CODE_SIGN_IDENTITY = "iPhone Developer";
				COPY_PHASE_STRIP = NO;
				DEBUG_INFORMATION_FORMAT = dwarf;
				ENABLE_STRICT_OBJC_MSGSEND = YES;
				ENABLE_TESTABILITY = YES;
				GCC_C_LANGUAGE_STANDARD = gnu11;
				GCC_DYNAMIC_NO_PIC = NO;
				GCC_NO_COMMON_BLOCKS = YES;
				GCC_OPTIMIZATION_LEVEL = 0;
				GCC_PREPROCESSOR_DEFINITIONS = (
					"DEBUG=1",
					"$(inherited)",
				);
				GCC_WARN_64_TO_32_BIT_CONVERSION = YES;
				GCC_WARN_ABOUT_RETURN_TYPE = YES_ERROR;
				GCC_WARN_UNDECLARED_SELECTOR = YES;
				GCC_WARN_UNINITIALIZED_AUTOS = YES_AGGRESSIVE;
				GCC_WARN_UNUSED_FUNCTION = YES;
				GCC_WARN_UNUSED_VARIABLE = YES;
				IPHONEOS_DEPLOYMENT_TARGET = 11.2;
				MTL_ENABLE_DEBUG_INFO = YES;
				ONLY_ACTIVE_ARCH = YES;
				SDKROOT = iphoneos;
				SWIFT_ACTIVE_COMPILATION_CONDITIONS = DEBUG;
				SWIFT_OPTIMIZATION_LEVEL = "-Onone";
			};
			name = Debug;
		};
		5F2A1B752021285A00E7DFB9 /* Release */ = {
			isa = XCBuildConfiguration;
			buildSettings = {
				ALWAYS_SEARCH_USER_PATHS = NO;
				CLANG_ANALYZER_NONNULL = YES;
				CLANG_ANALYZER_NUMBER_OBJECT_CONVERSION = YES_AGGRESSIVE;
				CLANG_CXX_LANGUAGE_STANDARD = "gnu++14";
				CLANG_CXX_LIBRARY = "libc++";
				CLANG_ENABLE_MODULES = YES;
				CLANG_ENABLE_OBJC_ARC = YES;
				CLANG_WARN_BLOCK_CAPTURE_AUTORELEASING = YES;
				CLANG_WARN_BOOL_CONVERSION = YES;
				CLANG_WARN_COMMA = YES;
				CLANG_WARN_CONSTANT_CONVERSION = YES;
				CLANG_WARN_DIRECT_OBJC_ISA_USAGE = YES_ERROR;
				CLANG_WARN_DOCUMENTATION_COMMENTS = YES;
				CLANG_WARN_EMPTY_BODY = YES;
				CLANG_WARN_ENUM_CONVERSION = YES;
				CLANG_WARN_INFINITE_RECURSION = YES;
				CLANG_WARN_INT_CONVERSION = YES;
				CLANG_WARN_NON_LITERAL_NULL_CONVERSION = YES;
				CLANG_WARN_OBJC_LITERAL_CONVERSION = YES;
				CLANG_WARN_OBJC_ROOT_CLASS = YES_ERROR;
				CLANG_WARN_RANGE_LOOP_ANALYSIS = YES;
				CLANG_WARN_STRICT_PROTOTYPES = YES;
				CLANG_WARN_SUSPICIOUS_MOVE = YES;
				CLANG_WARN_UNGUARDED_AVAILABILITY = YES_AGGRESSIVE;
				CLANG_WARN_UNREACHABLE_CODE = YES;
				CLANG_WARN__DUPLICATE_METHOD_MATCH = YES;
				CODE_SIGN_IDENTITY = "iPhone Developer";
				COPY_PHASE_STRIP = NO;
				DEBUG_INFORMATION_FORMAT = "dwarf-with-dsym";
				ENABLE_NS_ASSERTIONS = NO;
				ENABLE_STRICT_OBJC_MSGSEND = YES;
				GCC_C_LANGUAGE_STANDARD = gnu11;
				GCC_NO_COMMON_BLOCKS = YES;
				GCC_WARN_64_TO_32_BIT_CONVERSION = YES;
				GCC_WARN_ABOUT_RETURN_TYPE = YES_ERROR;
				GCC_WARN_UNDECLARED_SELECTOR = YES;
				GCC_WARN_UNINITIALIZED_AUTOS = YES_AGGRESSIVE;
				GCC_WARN_UNUSED_FUNCTION = YES;
				GCC_WARN_UNUSED_VARIABLE = YES;
				IPHONEOS_DEPLOYMENT_TARGET = 11.2;
				MTL_ENABLE_DEBUG_INFO = NO;
				SDKROOT = iphoneos;
				SWIFT_OPTIMIZATION_LEVEL = "-Owholemodule";
				VALIDATE_PRODUCT = YES;
			};
			name = Release;
		};
		5F2A1B772021285A00E7DFB9 /* Debug */ = {
			isa = XCBuildConfiguration;
			buildSettings = {
				ASSETCATALOG_COMPILER_APPICON_NAME = AppIcon;
				CODE_SIGN_STYLE = Automatic;
				DEVELOPMENT_TEAM = CLG3B38662;
				FRAMEWORK_SEARCH_PATHS = "$(PROJECT_DIR)";
				HEADER_SEARCH_PATHS = /usr/local/include;
				INFOPLIST_FILE = ARUcoTest/Info.plist;
				LD_RUNPATH_SEARCH_PATHS = "$(inherited) @executable_path/Frameworks";
				LIBRARY_SEARCH_PATHS = (
					"$(inherited)",
					"$(PROJECT_DIR)",
				);
				PRODUCT_BUNDLE_IDENTIFIER = com.hhcc.ARUco2;
				PRODUCT_NAME = "$(TARGET_NAME)";
				SWIFT_OBJC_BRIDGING_HEADER = "ARUcoTest-Bridging-Header.h";
				SWIFT_VERSION = 4.0;
				TARGETED_DEVICE_FAMILY = "1,2";
			};
			name = Debug;
		};
		5F2A1B782021285A00E7DFB9 /* Release */ = {
			isa = XCBuildConfiguration;
			buildSettings = {
				ASSETCATALOG_COMPILER_APPICON_NAME = AppIcon;
				CODE_SIGN_STYLE = Automatic;
				DEVELOPMENT_TEAM = CLG3B38662;
				FRAMEWORK_SEARCH_PATHS = "$(PROJECT_DIR)";
				HEADER_SEARCH_PATHS = /usr/local/include;
				INFOPLIST_FILE = ARUcoTest/Info.plist;
				LD_RUNPATH_SEARCH_PATHS = "$(inherited) @executable_path/Frameworks";
				LIBRARY_SEARCH_PATHS = (
					"$(inherited)",
					"$(PROJECT_DIR)",
				);
				PRODUCT_BUNDLE_IDENTIFIER = com.hhcc.ARUco2;
				PRODUCT_NAME = "$(TARGET_NAME)";
				SWIFT_OBJC_BRIDGING_HEADER = "ARUcoTest-Bridging-Header.h";
				SWIFT_VERSION = 4.0;
				TARGETED_DEVICE_FAMILY = "1,2";
			};
			name = Release;
		};
/* End XCBuildConfiguration section */

/* Begin XCConfigurationList section */
		5F2A1B5D2021285A00E7DFB9 /* Build configuration list for PBXProject "ARUcoTest" */ = {
			isa = XCConfigurationList;
			buildConfigurations = (
				5F2A1B742021285A00E7DFB9 /* Debug */,
				5F2A1B752021285A00E7DFB9 /* Release */,
			);
			defaultConfigurationIsVisible = 0;
			defaultConfigurationName = Release;
		};
		5F2A1B762021285A00E7DFB9 /* Build configuration list for PBXNativeTarget "ARUcoTest" */ = {
			isa = XCConfigurationList;
			buildConfigurations = (
				5F2A1B772021285A00E7DFB9 /* Debug */,
				5F2A1B782021285A00E7DFB9 /* Release */,
			);
			defaultConfigurationIsVisible = 0;
			defaultConfigurationName = Release;
		};
/* End XCConfigurationList section */
	};
	rootObject = 5F2A1B5A2021285A00E7DFB9 /* Project object */;
}
